
Microsoft Visual Studio Solution File, Format Version 12.00
# Visual Studio Version 17
VisualStudioVersion = 17.7.34221.43
MinimumVisualStudioVersion = 10.0.40219.1
Project("{FAE04EC0-301F-11D3-BF4B-00C04F79EFBC}") = "HW_Forms_Files1", "HW_Forms_Files1.csproj", "{C275EF65-EF54-452D-B630-391BA8DCA8A8}"
EndProject
Global
	GlobalSection(SolutionConfigurationPlatforms) = preSolution
		Debug|Any CPU = Debug|Any CPU
		Release|Any CPU = Release|Any CPU
	EndGlobalSection
	GlobalSection(ProjectConfigurationPlatforms) = postSolution
		{C275EF65-EF54-452D-B630-391BA8DCA8A8}.Debug|Any CPU.ActiveCfg = Debug|Any CPU
		{C275EF65-EF54-452D-B630-391BA8DCA8A8}.Debug|Any CPU.Build.0 = Debug|Any CPU
		{C275EF65-EF54-452D-B630-391BA8DCA8A8}.Release|Any CPU.ActiveCfg = Release|Any CPU
		{C275EF65-EF54-452D-B630-391BA8DCA8A8}.Release|Any CPU.Build.0 = Release|Any CPU
	EndGlobalSection
	GlobalSection(SolutionProperties) = preSolution
		HideSolutionNode = FALSE
	EndGlobalSection
	GlobalSection(ExtensibilityGlobals) = postSolution
		SolutionGuid = {0473A406-DB17-4802-9CF0-D7E9C7C185F8}
	EndGlobalSection
EndGlobal
